{
  "name": "typescript-error-sample",
  "lockfileVersion": 2,
  "requires": true,
  "packages": {
    "": {
      "dependencies": {
        "schemawax": "^1.0.11"
      },
      "devDependencies": {
        "typescript": "^4.7.4"
      }
    },
    "node_modules/schemawax": {
      "version": "1.0.11",
      "resolved": "https://registry.npmjs.org/schemawax/-/schemawax-1.0.11.tgz",
      "integrity": "sha512-ORu1RvzhzprysABmlxNroI6gjGOBpfItJP/4PkE7YjAC9f8e4XDTg0NJCuduiPoVDXgxmp+RozabfT9fqcQq6w=="
    },
    "node_modules/typescript": {
      "version": "4.7.4",
      "resolved": "https://registry.npmjs.org/typescript/-/typescript-4.7.4.tgz",
      "integrity": "sha512-C0WQT0gezHuw6AdY1M2jxUO83Rjf0HP7Sk1DtXj6j1EwkQNZrHAg2XPWlq62oqEhYvONq5pkC2Y9oPljWToLmQ==",
      "dev": true,
      "bin": {
        "tsc": "bin/tsc",
        "tsserver": "bin/tsserver"
      },
      "engines": {
        "node": ">=4.2.0"
      }
    }
  },
  "dependencies": {
    "schemawax": {
      "version": "1.0.11",
      "resolved": "https://registry.npmjs.org/schemawax/-/schemawax-1.0.11.tgz",
      "integrity": "sha512-ORu1RvzhzprysABmlxNroI6gjGOBpfItJP/4PkE7YjAC9f8e4XDTg0NJCuduiPoVDXgxmp+RozabfT9fqcQq6w=="
    },
    "typescript": {
      "version": "4.7.4",
      "resolved": "https://registry.npmjs.org/typescript/-/typescript-4.7.4.tgz",
      "integrity": "sha512-C0WQT0gezHuw6AdY1M2jxUO83Rjf0HP7Sk1DtXj6j1EwkQNZrHAg2XPWlq62oqEhYvONq5pkC2Y9oPljWToLmQ==",
      "dev": true
    }
  }
}
